
Microsoft Visual Studio Solution File, Format Version 12.00
# Visual Studio Version 16
VisualStudioVersion = 16.0.810.14
MinimumVisualStudioVersion = 10.0.40219.1
Project("{FAE04EC0-301F-11D3-BF4B-00C04F79EFBC}") = "Spa_Test", "Spa_Test\Spa_Test.csproj", "{3ABFD77D-FF67-4FE7-BF8E-D6B8C8725130}"
EndProject
Global
	GlobalSection(SolutionConfigurationPlatforms) = preSolution
		Debug|Any CPU = Debug|Any CPU
		Release|Any CPU = Release|Any CPU
	EndGlobalSection
	GlobalSection(ProjectConfigurationPlatforms) = postSolution
		{3ABFD77D-FF67-4FE7-BF8E-D6B8C8725130}.Debug|Any CPU.ActiveCfg = Debug|Any CPU
		{3ABFD77D-FF67-4FE7-BF8E-D6B8C8725130}.Debug|Any CPU.Build.0 = Debug|Any CPU
		{3ABFD77D-FF67-4FE7-BF8E-D6B8C8725130}.Release|Any CPU.ActiveCfg = Release|Any CPU
		{3ABFD77D-FF67-4FE7-BF8E-D6B8C8725130}.Release|Any CPU.Build.0 = Release|Any CPU
	EndGlobalSection
	GlobalSection(SolutionProperties) = preSolution
		HideSolutionNode = FALSE
	EndGlobalSection
	GlobalSection(ExtensibilityGlobals) = postSolution
		SolutionGuid = {3031CEA4-DD4B-4123-88CE-9F40F038821D}
	EndGlobalSection
EndGlobal
